{
  "requires": true,
  "lockfileVersion": 1,
  "dependencies": {
    "shell-quote": {
      "version": "1.7.2",
      "resolved": "https://registry.npmjs.org/shell-quote/-/shell-quote-1.7.2.tgz",
      "integrity": "sha512-mRz/m/JVscCrkMyPqHc/bczi3OQHkLTqXHEFu0zDhK/qfv3UcOA4SVmRCLmos4bhjr9ekVQubj/R7waKapmiQg=="
    },
    "xterm": {
      "version": "4.8.1",
      "resolved": "https://registry.npmjs.org/xterm/-/xterm-4.8.1.tgz",
      "integrity": "sha512-ax91ny4tI5eklqIfH79OUSGE2PUX2rGbwONmB6DfqpyhSZO8/cf++sqiaMWEVCMjACyMfnISW7C3gGMoNvNolQ=="
    }
  }
}
